
Microsoft Visual Studio Solution File, Format Version 12.00
# Visual Studio Version 17
VisualStudioVersion = 17.0.31903.59
MinimumVisualStudioVersion = 10.0.40219.1
Project("{FAE04EC0-301F-11D3-BF4B-00C04F79EFBC}") = "Pintail.BusinessLogic", "Pintail.BusinessLogic\Pintail.BusinessLogic.csproj", "{A60A588D-6C9B-4335-9D15-A8BB5FA89B39}"
EndProject
Project("{FAE04EC0-301F-11D3-BF4B-00C04F79EFBC}") = "Pintail.Domain", "Pintail.Domain\Pintail.Domain.csproj", "{0B5DD5CA-CE60-47E0-920E-C5ACBC11545F}"
EndProject
Project("{FAE04EC0-301F-11D3-BF4B-00C04F79EFBC}") = "Pintail.Infrastructure", "Pintail.Infrastructure\Pintail.Infrastructure.csproj", "{17A44836-28B2-44D5-A0DC-E954723E9586}"
EndProject
Project("{FAE04EC0-301F-11D3-BF4B-00C04F79EFBC}") = "Pintail.WebApi", "Pintail.WebApi\Pintail.WebApi.csproj", "{956CEC1F-2A32-428F-B6F6-A5A08926D88E}"
EndProject
Global
	GlobalSection(SolutionConfigurationPlatforms) = preSolution
		Debug|Any CPU = Debug|Any CPU
		Release|Any CPU = Release|Any CPU
	EndGlobalSection
	GlobalSection(SolutionProperties) = preSolution
		HideSolutionNode = FALSE
	EndGlobalSection
	GlobalSection(ProjectConfigurationPlatforms) = postSolution
		{A60A588D-6C9B-4335-9D15-A8BB5FA89B39}.Debug|Any CPU.ActiveCfg = Debug|Any CPU
		{A60A588D-6C9B-4335-9D15-A8BB5FA89B39}.Debug|Any CPU.Build.0 = Debug|Any CPU
		{A60A588D-6C9B-4335-9D15-A8BB5FA89B39}.Release|Any CPU.ActiveCfg = Release|Any CPU
		{A60A588D-6C9B-4335-9D15-A8BB5FA89B39}.Release|Any CPU.Build.0 = Release|Any CPU
		{0B5DD5CA-CE60-47E0-920E-C5ACBC11545F}.Debug|Any CPU.ActiveCfg = Debug|Any CPU
		{0B5DD5CA-CE60-47E0-920E-C5ACBC11545F}.Debug|Any CPU.Build.0 = Debug|Any CPU
		{0B5DD5CA-CE60-47E0-920E-C5ACBC11545F}.Release|Any CPU.ActiveCfg = Release|Any CPU
		{0B5DD5CA-CE60-47E0-920E-C5ACBC11545F}.Release|Any CPU.Build.0 = Release|Any CPU
		{17A44836-28B2-44D5-A0DC-E954723E9586}.Debug|Any CPU.ActiveCfg = Debug|Any CPU
		{17A44836-28B2-44D5-A0DC-E954723E9586}.Debug|Any CPU.Build.0 = Debug|Any CPU
		{17A44836-28B2-44D5-A0DC-E954723E9586}.Release|Any CPU.ActiveCfg = Release|Any CPU
		{17A44836-28B2-44D5-A0DC-E954723E9586}.Release|Any CPU.Build.0 = Release|Any CPU
		{956CEC1F-2A32-428F-B6F6-A5A08926D88E}.Debug|Any CPU.ActiveCfg = Debug|Any CPU
		{956CEC1F-2A32-428F-B6F6-A5A08926D88E}.Debug|Any CPU.Build.0 = Debug|Any CPU
		{956CEC1F-2A32-428F-B6F6-A5A08926D88E}.Release|Any CPU.ActiveCfg = Release|Any CPU
		{956CEC1F-2A32-428F-B6F6-A5A08926D88E}.Release|Any CPU.Build.0 = Release|Any CPU
	EndGlobalSection
EndGlobal
